PODS:
  - Alamofire (5.4.1)
  - SwiftLint (0.42.0)

DEPENDENCIES:
  - Alamofire
  - SwiftLint

SPEC REPOS:
  trunk:
    - Alamofire
    - SwiftLint

SPEC CHECKSUMS:
  Alamofire: 2291f7d21ca607c491dd17642e5d40fdcda0e65c
  SwiftLint: 4fa9579c63416865179bc416f0a92d55f009600d

PODFILE CHECKSUM: 92da08164f84c857b1427eecec3c5598eb1538bb

COCOAPODS: 1.9.1
